
Microsoft Visual Studio Solution File, Format Version 12.00
# Visual Studio Version 17
VisualStudioVersion = 17.0.32014.148
MinimumVisualStudioVersion = 10.0.40219.1
Project("{FAE04EC0-301F-11D3-BF4B-00C04F79EFBC}") = "Horus.Plugin.Core", "Horus.PluginLib\Horus.Plugin.Core.csproj", "{EE3FFEB0-1238-4DE9-A389-BE5883244CD5}"
EndProject
Project("{FAE04EC0-301F-11D3-BF4B-00C04F79EFBC}") = "Horus.Plugin.Example", "Horus.Example.Plugin\Horus.Plugin.Example.csproj", "{5F57951A-C45B-4C97-A48F-0B4CEB5BFCD6}"
EndProject
Project("{FAE04EC0-301F-11D3-BF4B-00C04F79EFBC}") = "Horus.Stub", "Horus.Stub\Horus.Stub.csproj", "{D8A1BFDB-369B-4C91-AB6F-867963438E04}"
EndProject
Project("{FAE04EC0-301F-11D3-BF4B-00C04F79EFBC}") = "Horus.Builder", "Horus.Builder\Horus.Builder.csproj", "{C312BB13-94E6-4501-B1F4-0D0794C0791A}"
EndProject
Global
	GlobalSection(SolutionConfigurationPlatforms) = preSolution
		Debug|Any CPU = Debug|Any CPU
		Release|Any CPU = Release|Any CPU
	EndGlobalSection
	GlobalSection(ProjectConfigurationPlatforms) = postSolution
		{EE3FFEB0-1238-4DE9-A389-BE5883244CD5}.Debug|Any CPU.ActiveCfg = Debug|Any CPU
		{EE3FFEB0-1238-4DE9-A389-BE5883244CD5}.Debug|Any CPU.Build.0 = Debug|Any CPU
		{EE3FFEB0-1238-4DE9-A389-BE5883244CD5}.Release|Any CPU.ActiveCfg = Release|Any CPU
		{EE3FFEB0-1238-4DE9-A389-BE5883244CD5}.Release|Any CPU.Build.0 = Release|Any CPU
		{5F57951A-C45B-4C97-A48F-0B4CEB5BFCD6}.Debug|Any CPU.ActiveCfg = Debug|Any CPU
		{5F57951A-C45B-4C97-A48F-0B4CEB5BFCD6}.Debug|Any CPU.Build.0 = Debug|Any CPU
		{5F57951A-C45B-4C97-A48F-0B4CEB5BFCD6}.Release|Any CPU.ActiveCfg = Release|Any CPU
		{5F57951A-C45B-4C97-A48F-0B4CEB5BFCD6}.Release|Any CPU.Build.0 = Release|Any CPU
		{D8A1BFDB-369B-4C91-AB6F-867963438E04}.Debug|Any CPU.ActiveCfg = Debug|Any CPU
		{D8A1BFDB-369B-4C91-AB6F-867963438E04}.Debug|Any CPU.Build.0 = Debug|Any CPU
		{D8A1BFDB-369B-4C91-AB6F-867963438E04}.Release|Any CPU.ActiveCfg = Release|Any CPU
		{D8A1BFDB-369B-4C91-AB6F-867963438E04}.Release|Any CPU.Build.0 = Release|Any CPU
		{C312BB13-94E6-4501-B1F4-0D0794C0791A}.Debug|Any CPU.ActiveCfg = Debug|Any CPU
		{C312BB13-94E6-4501-B1F4-0D0794C0791A}.Debug|Any CPU.Build.0 = Debug|Any CPU
		{C312BB13-94E6-4501-B1F4-0D0794C0791A}.Release|Any CPU.ActiveCfg = Release|Any CPU
		{C312BB13-94E6-4501-B1F4-0D0794C0791A}.Release|Any CPU.Build.0 = Release|Any CPU
	EndGlobalSection
	GlobalSection(SolutionProperties) = preSolution
		HideSolutionNode = FALSE
	EndGlobalSection
	GlobalSection(ExtensibilityGlobals) = postSolution
		SolutionGuid = {40267D9C-669C-4BF5-83AB-E7BD32B994B6}
	EndGlobalSection
EndGlobal
